
Microsoft Visual Studio Solution File, Format Version 12.00
# Visual Studio Version 16
VisualStudioVersion = 16.0.31829.152
MinimumVisualStudioVersion = 10.0.40219.1
Project("{2150E333-8FDC-42A3-9474-1A3956D46DE8}") = "Services", "Services", "{3B47AA7D-14A4-4B71-994D-FDA80EB02126}"
EndProject
Project("{2150E333-8FDC-42A3-9474-1A3956D46DE8}") = "Catalog", "Catalog", "{AE7415F3-16FB-4E4B-9875-57C66BF93612}"
EndProject
Project("{9A19103F-16F7-4668-BE54-9A1E7A4F7556}") = "Catalog.API", "Services\Catalog\Catalog.API\Catalog.API.csproj", "{6822E073-6AD6-42AF-ACE7-308A3178E864}"
EndProject
Project("{E53339B2-1760-4266-BCC7-CA923CBCF16C}") = "docker-compose", "docker-compose.dcproj", "{761EDC75-FD3C-4E0D-B79A-2BACCD3E851A}"
EndProject
Project("{2150E333-8FDC-42A3-9474-1A3956D46DE8}") = "Basket", "Basket", "{119D94B0-06F1-436C-A7FA-A99304124F1D}"
EndProject
Project("{9A19103F-16F7-4668-BE54-9A1E7A4F7556}") = "Basket.API", "Services\Basket\Basket.API\Basket.API.csproj", "{BC7303C0-4295-4EB3-A985-6B911B2C8936}"
EndProject
Project("{2150E333-8FDC-42A3-9474-1A3956D46DE8}") = "Discount", "Discount", "{A8D6FF9F-6EA1-4B12-B856-3CFC5C16D704}"
EndProject
Project("{9A19103F-16F7-4668-BE54-9A1E7A4F7556}") = "Discount.API", "Services\Discount\Discount.API\Discount.API.csproj", "{ADFBFBEB-C804-4F5F-8A5F-0EF61078F581}"
EndProject
Project("{FAE04EC0-301F-11D3-BF4B-00C04F79EFBC}") = "Discount.Grpc", "Services\Discount\Discount.Grpc\Discount.Grpc.csproj", "{9F51D7D6-D5F6-468F-AAFE-D61FFD146FC2}"
EndProject
Global
	GlobalSection(SolutionConfigurationPlatforms) = preSolution
		Debug|Any CPU = Debug|Any CPU
		Release|Any CPU = Release|Any CPU
	EndGlobalSection
	GlobalSection(ProjectConfigurationPlatforms) = postSolution
		{6822E073-6AD6-42AF-ACE7-308A3178E864}.Debug|Any CPU.ActiveCfg = Debug|Any CPU
		{6822E073-6AD6-42AF-ACE7-308A3178E864}.Debug|Any CPU.Build.0 = Debug|Any CPU
		{6822E073-6AD6-42AF-ACE7-308A3178E864}.Release|Any CPU.ActiveCfg = Release|Any CPU
		{6822E073-6AD6-42AF-ACE7-308A3178E864}.Release|Any CPU.Build.0 = Release|Any CPU
		{761EDC75-FD3C-4E0D-B79A-2BACCD3E851A}.Debug|Any CPU.ActiveCfg = Debug|Any CPU
		{761EDC75-FD3C-4E0D-B79A-2BACCD3E851A}.Debug|Any CPU.Build.0 = Debug|Any CPU
		{761EDC75-FD3C-4E0D-B79A-2BACCD3E851A}.Release|Any CPU.ActiveCfg = Release|Any CPU
		{761EDC75-FD3C-4E0D-B79A-2BACCD3E851A}.Release|Any CPU.Build.0 = Release|Any CPU
		{BC7303C0-4295-4EB3-A985-6B911B2C8936}.Debug|Any CPU.ActiveCfg = Debug|Any CPU
		{BC7303C0-4295-4EB3-A985-6B911B2C8936}.Debug|Any CPU.Build.0 = Debug|Any CPU
		{BC7303C0-4295-4EB3-A985-6B911B2C8936}.Release|Any CPU.ActiveCfg = Release|Any CPU
		{BC7303C0-4295-4EB3-A985-6B911B2C8936}.Release|Any CPU.Build.0 = Release|Any CPU
		{ADFBFBEB-C804-4F5F-8A5F-0EF61078F581}.Debug|Any CPU.ActiveCfg = Debug|Any CPU
		{ADFBFBEB-C804-4F5F-8A5F-0EF61078F581}.Debug|Any CPU.Build.0 = Debug|Any CPU
		{ADFBFBEB-C804-4F5F-8A5F-0EF61078F581}.Release|Any CPU.ActiveCfg = Release|Any CPU
		{ADFBFBEB-C804-4F5F-8A5F-0EF61078F581}.Release|Any CPU.Build.0 = Release|Any CPU
		{9F51D7D6-D5F6-468F-AAFE-D61FFD146FC2}.Debug|Any CPU.ActiveCfg = Debug|Any CPU
		{9F51D7D6-D5F6-468F-AAFE-D61FFD146FC2}.Debug|Any CPU.Build.0 = Debug|Any CPU
		{9F51D7D6-D5F6-468F-AAFE-D61FFD146FC2}.Release|Any CPU.ActiveCfg = Release|Any CPU
		{9F51D7D6-D5F6-468F-AAFE-D61FFD146FC2}.Release|Any CPU.Build.0 = Release|Any CPU
	EndGlobalSection
	GlobalSection(SolutionProperties) = preSolution
		HideSolutionNode = FALSE
	EndGlobalSection
	GlobalSection(NestedProjects) = preSolution
		{AE7415F3-16FB-4E4B-9875-57C66BF93612} = {3B47AA7D-14A4-4B71-994D-FDA80EB02126}
		{6822E073-6AD6-42AF-ACE7-308A3178E864} = {AE7415F3-16FB-4E4B-9875-57C66BF93612}
		{119D94B0-06F1-436C-A7FA-A99304124F1D} = {3B47AA7D-14A4-4B71-994D-FDA80EB02126}
		{BC7303C0-4295-4EB3-A985-6B911B2C8936} = {119D94B0-06F1-436C-A7FA-A99304124F1D}
		{A8D6FF9F-6EA1-4B12-B856-3CFC5C16D704} = {3B47AA7D-14A4-4B71-994D-FDA80EB02126}
		{ADFBFBEB-C804-4F5F-8A5F-0EF61078F581} = {A8D6FF9F-6EA1-4B12-B856-3CFC5C16D704}
		{9F51D7D6-D5F6-468F-AAFE-D61FFD146FC2} = {A8D6FF9F-6EA1-4B12-B856-3CFC5C16D704}
	EndGlobalSection
	GlobalSection(ExtensibilityGlobals) = postSolution
		SolutionGuid = {BCAA0D2A-83A8-4F77-8BC5-9B0FDA2697E1}
	EndGlobalSection
EndGlobal
